
Microsoft Visual Studio Solution File, Format Version 12.00
# Visual Studio Version 17
VisualStudioVersion = 17.13.35828.75
MinimumVisualStudioVersion = 10.0.40219.1
Project("{9A19103F-16F7-4668-BE54-9A1E7A4F7556}") = "BE_DACK", "BE_DACK\BE_DACK.csproj", "{C6B639A5-BC17-48EE-9F19-F48FD115BD30}"
EndProject
Global
	GlobalSection(SolutionConfigurationPlatforms) = preSolution
		Debug|Any CPU = Debug|Any CPU
		Release|Any CPU = Release|Any CPU
	EndGlobalSection
	GlobalSection(ProjectConfigurationPlatforms) = postSolution
		{C6B639A5-BC17-48EE-9F19-F48FD115BD30}.Debug|Any CPU.ActiveCfg = Debug|Any CPU
		{C6B639A5-BC17-48EE-9F19-F48FD115BD30}.Debug|Any CPU.Build.0 = Debug|Any CPU
		{C6B639A5-BC17-48EE-9F19-F48FD115BD30}.Release|Any CPU.ActiveCfg = Release|Any CPU
		{C6B639A5-BC17-48EE-9F19-F48FD115BD30}.Release|Any CPU.Build.0 = Release|Any CPU
	EndGlobalSection
	GlobalSection(SolutionProperties) = preSolution
		HideSolutionNode = FALSE
	EndGlobalSection
	GlobalSection(ExtensibilityGlobals) = postSolution
		SolutionGuid = {E47C39F2-D730-4D11-9600-3978DB4AC2CA}
	EndGlobalSection
EndGlobal
